
Microsoft Visual Studio Solution File, Format Version 12.00
# Visual Studio Version 17
VisualStudioVersion = 17.7.34221.43
MinimumVisualStudioVersion = 10.0.40219.1
Project("{9A19103F-16F7-4668-BE54-9A1E7A4F7556}") = "Projeto.MVC.ASP.NET-01", "Projeto.MVC.ASP.NET-01.csproj", "{7EC5D850-06DA-43BE-A9F6-43622136F820}"
EndProject
Global
	GlobalSection(SolutionConfigurationPlatforms) = preSolution
		Debug|Any CPU = Debug|Any CPU
		Release|Any CPU = Release|Any CPU
	EndGlobalSection
	GlobalSection(ProjectConfigurationPlatforms) = postSolution
		{7EC5D850-06DA-43BE-A9F6-43622136F820}.Debug|Any CPU.ActiveCfg = Debug|Any CPU
		{7EC5D850-06DA-43BE-A9F6-43622136F820}.Debug|Any CPU.Build.0 = Debug|Any CPU
		{7EC5D850-06DA-43BE-A9F6-43622136F820}.Release|Any CPU.ActiveCfg = Release|Any CPU
		{7EC5D850-06DA-43BE-A9F6-43622136F820}.Release|Any CPU.Build.0 = Release|Any CPU
	EndGlobalSection
	GlobalSection(SolutionProperties) = preSolution
		HideSolutionNode = FALSE
	EndGlobalSection
	GlobalSection(ExtensibilityGlobals) = postSolution
		SolutionGuid = {AB15D801-E553-4FC7-89DB-29C2291FE8F7}
	EndGlobalSection
EndGlobal
